dependencies:
- name: graphql-mesh
  repository: https://onelittlenightmusic.github.io/graphql-mesh-docker/helm-chart
  version: 0.1.1
- name: kubernetes-api-proxy
  repository: ""
  version: 0.1.0
digest: sha256:65d74576501fa16b6f7d8385b84c461116f493a13d9433e80618026ae81c8104
generated: "2020-11-29T16:14:26.68909-08:00"
